
Microsoft Visual Studio Solution File, Format Version 12.00
# Visual Studio Version 16
VisualStudioVersion = 16.0.32228.343
MinimumVisualStudioVersion = 10.0.40219.1
Project("{FAE04EC0-301F-11D3-BF4B-00C04F79EFBC}") = "Homework", "Homework\Homework.csproj", "{D110BADD-332F-44F9-811C-039A5121323E}"
EndProject
Global
	GlobalSection(SolutionConfigurationPlatforms) = preSolution
		Debug|Any CPU = Debug|Any CPU
		Release|Any CPU = Release|Any CPU
	EndGlobalSection
	GlobalSection(ProjectConfigurationPlatforms) = postSolution
		{D110BADD-332F-44F9-811C-039A5121323E}.Debug|Any CPU.ActiveCfg = Debug|Any CPU
		{D110BADD-332F-44F9-811C-039A5121323E}.Debug|Any CPU.Build.0 = Debug|Any CPU
		{D110BADD-332F-44F9-811C-039A5121323E}.Release|Any CPU.ActiveCfg = Release|Any CPU
		{D110BADD-332F-44F9-811C-039A5121323E}.Release|Any CPU.Build.0 = Release|Any CPU
	EndGlobalSection
	GlobalSection(SolutionProperties) = preSolution
		HideSolutionNode = FALSE
	EndGlobalSection
	GlobalSection(ExtensibilityGlobals) = postSolution
		SolutionGuid = {4E6A0389-1D63-4699-A8D4-F93D4629FA4C}
	EndGlobalSection
EndGlobal
